<?xml version="1.0" encoding="utf-8"?>
<Project ToolsVersion="4.0" xmlns="http://schemas.microsoft.com/developer/msbuild/2003">
  <ItemGroup>
    <ClCompile Include="main.cpp" />
    <ClCompile Include="core\math\vectors.cpp">
      <Filter>core\math</Filter>
    </ClCompile>
    <ClCompile Include="engine\objectmodel\universe.cpp">
      <Filter>engine\objectmodel</Filter>
    </ClCompile>
    <ClCompile Include="core\algorithms\algorithms_memory.cpp">
      <Filter>core\algorithms</Filter>
    </ClCompile>
    <ClCompile Include="engine\objectmodel\world.cpp">
      <Filter>engine\objectmodel</Filter>
    </ClCompile>
    <ClCompile Include="engine\objectmodel\system.cpp">
      <Filter>engine\objectmodel</Filter>
    </ClCompile>
    <ClCompile Include="engine\objectmodel\worldsystem.cpp">
      <Filter>engine\objectmodel</Filter>
    </ClCompile>
    <ClCompile Include="engine\objectmodel\universesystem.cpp">
      <Filter>engine\objectmodel</Filter>
    </ClCompile>
    <ClCompile Include="engine\objectmodel\componentholder.cpp">
      <Filter>engine\objectmodel</Filter>
    </ClCompile>
    <ClCompile Include="engine\objectmodel\component.cpp">
      <Filter>engine\objectmodel</Filter>
    </ClCompile>
  </ItemGroup>
  <ItemGroup>
    <Filter Include="core">
      <UniqueIdentifier>{a1d418e7-fa4c-4dbe-873e-25adc32899a8}</UniqueIdentifier>
    </Filter>
    <Filter Include="core\math">
      <UniqueIdentifier>{3e6e5492-dee4-49d9-99f3-8f9c52242421}</UniqueIdentifier>
    </Filter>
    <Filter Include="core\containers">
      <UniqueIdentifier>{8cac4970-6f61-4653-89d6-13f2d063e001}</UniqueIdentifier>
    </Filter>
    <Filter Include="engine">
      <UniqueIdentifier>{57b49971-e4b3-4a55-b18b-1d582c70a4d7}</UniqueIdentifier>
    </Filter>
    <Filter Include="engine\objectmodel">
      <UniqueIdentifier>{a437112f-049e-4371-9139-6cc61b968040}</UniqueIdentifier>
    </Filter>
    <Filter Include="core\algorithms">
      <UniqueIdentifier>{3470eda7-f75a-4d64-8695-c9a7f42fa8b6}</UniqueIdentifier>
    </Filter>
  </ItemGroup>
  <ItemGroup>
    <ClInclude Include="core\types.h">
      <Filter>core</Filter>
    </ClInclude>
    <ClInclude Include="core\math\vectors.h">
      <Filter>core\math</Filter>
    </ClInclude>
    <ClInclude Include="core\asserts.h">
      <Filter>core</Filter>
    </ClInclude>
    <ClInclude Include="engine\objectmodel\universe.h">
      <Filter>engine\objectmodel</Filter>
    </ClInclude>
    <ClInclude Include="core\containers\basecontainer.h">
      <Filter>core\containers</Filter>
    </ClInclude>
    <ClInclude Include="core\containers\array.h">
      <Filter>core\containers</Filter>
    </ClInclude>
    <ClInclude Include="core\algorithms.h">
      <Filter>core</Filter>
    </ClInclude>
    <ClInclude Include="core\algorithms\algorithms_memory.h">
      <Filter>core\algorithms</Filter>
    </ClInclude>
    <ClInclude Include="core\algorithms\algorithms_searching.h">
      <Filter>core\algorithms</Filter>
    </ClInclude>
    <ClInclude Include="engine\objectmodel\world.h">
      <Filter>engine\objectmodel</Filter>
    </ClInclude>
    <ClInclude Include="engine\objectmodel\system.h">
      <Filter>engine\objectmodel</Filter>
    </ClInclude>
    <ClInclude Include="engine\objectmodel\worldsystem.h">
      <Filter>engine\objectmodel</Filter>
    </ClInclude>
    <ClInclude Include="engine\objectmodel\universesystem.h">
      <Filter>engine\objectmodel</Filter>
    </ClInclude>
    <ClInclude Include="core\containers\pointerarray.h">
      <Filter>core\containers</Filter>
    </ClInclude>
    <ClInclude Include="core\traits.h">
      <Filter>core</Filter>
    </ClInclude>
    <ClInclude Include="engine\objectmodel\componentholder.h">
      <Filter>engine\objectmodel</Filter>
    </ClInclude>
    <ClInclude Include="engine\objectmodel\component.h">
      <Filter>engine\objectmodel</Filter>
    </ClInclude>
    <ClInclude Include="core\singleton.h">
      <Filter>core</Filter>
    </ClInclude>
  </ItemGroup>
</Project>