<?xml version="1.0" encoding="utf-8"?>
<Project ToolsVersion="4.0" xmlns="http://schemas.microsoft.com/developer/msbuild/2003">
  <ItemGroup>
    <ClCompile Include="main.cpp" />
    <ClCompile Include="core\math\vectors.cpp">
      <Filter>core\math</Filter>
    </ClCompile>
    <ClCompile Include="engine\objectmodel\universe.cpp">
      <Filter>engine\objectmodel</Filter>
    </ClCompile>
    <ClCompile Include="core\algorithms\algorithms_memory.cpp">
      <Filter>core\algorithms</Filter>
    </ClCompile>
    <ClCompile Include="engine\objectmodel\world.cpp">
      <Filter>engine\objectmodel</Filter>
    </ClCompile>
    <ClCompile Include="engine\objectmodel\system.cpp">
      <Filter>engine\objectmodel</Filter>
    </ClCompile>
    <ClCompile Include="engine\objectmodel\worldsystem.cpp">
      <Filter>engine\objectmodel</Filter>
    </ClCompile>
    <ClCompile Include="engine\objectmodel\universesystem.cpp">
      <Filter>engine\objectmodel</Filter>
    </ClCompile>
    <ClCompile Include="engine\objectmodel\componentholder.cpp">
      <Filter>engine\objectmodel</Filter>
    </ClCompile>
    <ClCompile Include="engine\objectmodel\component.cpp">
      <Filter>engine\objectmodel</Filter>
    </ClCompile>
    <ClCompile Include="engine\objectmodel\componentfactory.cpp">
      <Filter>engine\objectmodel</Filter>
    </ClCompile>
    <ClCompile Include="engine\gameloop.cpp">
      <Filter>engine</Filter>
    </ClCompile>
    <ClCompile Include="engine\gameengine.cpp">
      <Filter>engine</Filter>
    </ClCompile>
    <ClCompile Include="engine\window\gamewindowdata.cpp">
      <Filter>engine\window</Filter>
    </ClCompile>
    <ClCompile Include="engine\window\gamewindow.cpp">
      <Filter>engine\window</Filter>
    </ClCompile>
    <ClCompile Include="engine\window\gamewindoweventdata.cpp">
      <Filter>engine\window</Filter>
    </ClCompile>
    <ClCompile Include="graphics\graphicswrapper.cpp">
      <Filter>graphics</Filter>
    </ClCompile>
    <ClCompile Include="graphics\d3d\d3dcontext.cpp">
      <Filter>graphics\d3d</Filter>
    </ClCompile>
    <ClCompile Include="graphics\graphicssystem.cpp">
      <Filter>graphics</Filter>
    </ClCompile>
    <ClCompile Include="graphics\components\cameracomponent.cpp">
      <Filter>graphics\components</Filter>
    </ClCompile>
    <ClCompile Include="graphics\components\modelcomponent.cpp">
      <Filter>graphics\components</Filter>
    </ClCompile>
    <ClCompile Include="engine\components\transformcomponent.cpp">
      <Filter>engine\components</Filter>
    </ClCompile>
    <ClCompile Include="core\io\filereader.cpp">
      <Filter>core\io</Filter>
    </ClCompile>
    <ClCompile Include="core\io\parsers\json\jsonnode.cpp">
      <Filter>core\io\parsers\json</Filter>
    </ClCompile>
    <ClCompile Include="core\io\parsers\json\jsonparser.cpp">
      <Filter>core\io\parsers\json</Filter>
    </ClCompile>
    <ClCompile Include="engine\objectmodel\componentutils.cpp">
      <Filter>engine\objectmodel</Filter>
    </ClCompile>
    <ClCompile Include="graphics\camerasystem.cpp">
      <Filter>graphics</Filter>
    </ClCompile>
    <ClCompile Include="graphics\renderingcontext.cpp">
      <Filter>graphics</Filter>
    </ClCompile>
    <ClCompile Include="graphics\shaders\shaderlibrary.cpp">
      <Filter>graphics\shaders</Filter>
    </ClCompile>
    <ClCompile Include="graphics\shaders\shader.cpp">
      <Filter>graphics\shaders</Filter>
    </ClCompile>
    <ClCompile Include="graphics\model\vertexdata.cpp">
      <Filter>graphics\model</Filter>
    </ClCompile>
    <ClCompile Include="graphics\model\vertexlist.cpp">
      <Filter>graphics\model</Filter>
    </ClCompile>
    <ClCompile Include="graphics\model\modellibrary.cpp">
      <Filter>graphics\model</Filter>
    </ClCompile>
    <ClCompile Include="graphics\model\modellibrarycomponent.cpp">
      <Filter>graphics\model</Filter>
    </ClCompile>
    <ClCompile Include="engine\input\inputmanager.cpp">
      <Filter>engine\input</Filter>
    </ClCompile>
    <ClCompile Include="engine\input\inputenums.cpp">
      <Filter>engine\input</Filter>
    </ClCompile>
    <ClCompile Include="graphics\texture\texturelibrary.cpp">
      <Filter>graphics\texture</Filter>
    </ClCompile>
    <ClCompile Include="graphics\texture\texture.cpp">
      <Filter>graphics\texture</Filter>
    </ClCompile>
    <ClCompile Include="graphics\texture\texturelibrarycomponent.cpp">
      <Filter>graphics\texture</Filter>
    </ClCompile>
    <ClCompile Include="graphics\shaders\colorshader.cpp">
      <Filter>graphics\shaders</Filter>
    </ClCompile>
    <ClCompile Include="graphics\shaders\textureshader.cpp">
      <Filter>graphics\shaders</Filter>
    </ClCompile>
    <ClCompile Include="graphics\components\lightsourcecomponent.cpp">
      <Filter>graphics\components</Filter>
    </ClCompile>
    <ClCompile Include="graphics\lightsystem.cpp">
      <Filter>graphics</Filter>
    </ClCompile>
    <ClCompile Include="graphics\shaders\lightshader.cpp">
      <Filter>graphics\shaders</Filter>
    </ClCompile>
  </ItemGroup>
  <ItemGroup>
    <Filter Include="core">
      <UniqueIdentifier>{a1d418e7-fa4c-4dbe-873e-25adc32899a8}</UniqueIdentifier>
    </Filter>
    <Filter Include="core\math">
      <UniqueIdentifier>{3e6e5492-dee4-49d9-99f3-8f9c52242421}</UniqueIdentifier>
    </Filter>
    <Filter Include="core\containers">
      <UniqueIdentifier>{8cac4970-6f61-4653-89d6-13f2d063e001}</UniqueIdentifier>
    </Filter>
    <Filter Include="engine">
      <UniqueIdentifier>{57b49971-e4b3-4a55-b18b-1d582c70a4d7}</UniqueIdentifier>
    </Filter>
    <Filter Include="engine\objectmodel">
      <UniqueIdentifier>{a437112f-049e-4371-9139-6cc61b968040}</UniqueIdentifier>
    </Filter>
    <Filter Include="core\algorithms">
      <UniqueIdentifier>{3470eda7-f75a-4d64-8695-c9a7f42fa8b6}</UniqueIdentifier>
    </Filter>
    <Filter Include="engine\window">
      <UniqueIdentifier>{e69ea9ba-ff32-409a-8aba-6ff2688111c7}</UniqueIdentifier>
    </Filter>
    <Filter Include="graphics">
      <UniqueIdentifier>{0956b7e5-a653-4a79-be46-c9d67555e7ad}</UniqueIdentifier>
    </Filter>
    <Filter Include="graphics\components">
      <UniqueIdentifier>{a735af1c-ae82-4482-a629-d29993aa3a21}</UniqueIdentifier>
    </Filter>
    <Filter Include="engine\components">
      <UniqueIdentifier>{4b50379a-f043-451d-a41c-b2f302ccccee}</UniqueIdentifier>
    </Filter>
    <Filter Include="core\io">
      <UniqueIdentifier>{7110cafd-1c90-4da8-87b7-5311c797c233}</UniqueIdentifier>
    </Filter>
    <Filter Include="core\io\parsers">
      <UniqueIdentifier>{0d97ee4c-ad1f-4555-823c-610847276613}</UniqueIdentifier>
    </Filter>
    <Filter Include="core\io\parsers\json">
      <UniqueIdentifier>{3e91c01a-437d-432b-944f-d72c975e0495}</UniqueIdentifier>
    </Filter>
    <Filter Include="graphics\shaders">
      <UniqueIdentifier>{7db6efd4-c62b-4779-99ca-b864bded2be4}</UniqueIdentifier>
    </Filter>
    <Filter Include="graphics\model">
      <UniqueIdentifier>{4e78ed36-9898-43fa-b9f4-d992c53120c8}</UniqueIdentifier>
    </Filter>
    <Filter Include="engine\input">
      <UniqueIdentifier>{6b61807b-4edc-45d6-8fb0-391a46d61719}</UniqueIdentifier>
    </Filter>
    <Filter Include="graphics\texture">
      <UniqueIdentifier>{1f5cb407-e35a-4e96-b9f2-293abf462410}</UniqueIdentifier>
    </Filter>
    <Filter Include="graphics\d3d">
      <UniqueIdentifier>{e2fcfd69-5691-476c-879e-5694d365377b}</UniqueIdentifier>
    </Filter>
  </ItemGroup>
  <ItemGroup>
    <ClInclude Include="core\types.h">
      <Filter>core</Filter>
    </ClInclude>
    <ClInclude Include="core\math\vectors.h">
      <Filter>core\math</Filter>
    </ClInclude>
    <ClInclude Include="core\asserts.h">
      <Filter>core</Filter>
    </ClInclude>
    <ClInclude Include="engine\objectmodel\universe.h">
      <Filter>engine\objectmodel</Filter>
    </ClInclude>
    <ClInclude Include="core\containers\basecontainer.h">
      <Filter>core\containers</Filter>
    </ClInclude>
    <ClInclude Include="core\containers\array.h">
      <Filter>core\containers</Filter>
    </ClInclude>
    <ClInclude Include="core\algorithms.h">
      <Filter>core</Filter>
    </ClInclude>
    <ClInclude Include="core\algorithms\algorithms_memory.h">
      <Filter>core\algorithms</Filter>
    </ClInclude>
    <ClInclude Include="core\algorithms\algorithms_searching.h">
      <Filter>core\algorithms</Filter>
    </ClInclude>
    <ClInclude Include="engine\objectmodel\world.h">
      <Filter>engine\objectmodel</Filter>
    </ClInclude>
    <ClInclude Include="engine\objectmodel\system.h">
      <Filter>engine\objectmodel</Filter>
    </ClInclude>
    <ClInclude Include="engine\objectmodel\worldsystem.h">
      <Filter>engine\objectmodel</Filter>
    </ClInclude>
    <ClInclude Include="engine\objectmodel\universesystem.h">
      <Filter>engine\objectmodel</Filter>
    </ClInclude>
    <ClInclude Include="core\containers\pointerarray.h">
      <Filter>core\containers</Filter>
    </ClInclude>
    <ClInclude Include="core\traits.h">
      <Filter>core</Filter>
    </ClInclude>
    <ClInclude Include="engine\objectmodel\componentholder.h">
      <Filter>engine\objectmodel</Filter>
    </ClInclude>
    <ClInclude Include="engine\objectmodel\component.h">
      <Filter>engine\objectmodel</Filter>
    </ClInclude>
    <ClInclude Include="core\singleton.h">
      <Filter>core</Filter>
    </ClInclude>
    <ClInclude Include="engine\objectmodel\componentfactory.h">
      <Filter>engine\objectmodel</Filter>
    </ClInclude>
    <ClInclude Include="stdafx.h" />
    <ClInclude Include="engine\gameloop.h">
      <Filter>engine</Filter>
    </ClInclude>
    <ClInclude Include="engine\gameengine.h">
      <Filter>engine</Filter>
    </ClInclude>
    <ClInclude Include="core\allocation.h">
      <Filter>core</Filter>
    </ClInclude>
    <ClInclude Include="core\operationstatus.h">
      <Filter>core</Filter>
    </ClInclude>
    <ClInclude Include="engine\window\gamewindowdata.h">
      <Filter>engine\window</Filter>
    </ClInclude>
    <ClInclude Include="engine\window\gamewindow.h">
      <Filter>engine\window</Filter>
    </ClInclude>
    <ClInclude Include="engine\window\gamewindoweventdata.h">
      <Filter>engine\window</Filter>
    </ClInclude>
    <ClInclude Include="graphics\graphicswrapper.h">
      <Filter>graphics</Filter>
    </ClInclude>
    <ClInclude Include="graphics\d3d\d3dcontext.h">
      <Filter>graphics\d3d</Filter>
    </ClInclude>
    <ClInclude Include="graphics\graphicssystem.h">
      <Filter>graphics</Filter>
    </ClInclude>
    <ClInclude Include="graphics\components\cameracomponent.h">
      <Filter>graphics\components</Filter>
    </ClInclude>
    <ClInclude Include="graphics\components\modelcomponent.h">
      <Filter>graphics\components</Filter>
    </ClInclude>
    <ClInclude Include="engine\components\transformcomponent.h">
      <Filter>engine\components</Filter>
    </ClInclude>
    <ClInclude Include="core\io\filereader.h">
      <Filter>core\io</Filter>
    </ClInclude>
    <ClInclude Include="core\containers\basestring.h">
      <Filter>core\containers</Filter>
    </ClInclude>
    <ClInclude Include="core\string.h">
      <Filter>core</Filter>
    </ClInclude>
    <ClInclude Include="core\containers\basestringview.h">
      <Filter>core\containers</Filter>
    </ClInclude>
    <ClInclude Include="core\io\parsers\json\jsonnode.h">
      <Filter>core\io\parsers\json</Filter>
    </ClInclude>
    <ClInclude Include="core\io\parsers\json\jsonparser.h">
      <Filter>core\io\parsers\json</Filter>
    </ClInclude>
    <ClInclude Include="engine\objectmodel\componentutils.h">
      <Filter>engine\objectmodel</Filter>
    </ClInclude>
    <ClInclude Include="graphics\camerasystem.h">
      <Filter>graphics</Filter>
    </ClInclude>
    <ClInclude Include="graphics\renderingcontext.h">
      <Filter>graphics</Filter>
    </ClInclude>
    <ClInclude Include="graphics\shaders\shaderlibrary.h">
      <Filter>graphics\shaders</Filter>
    </ClInclude>
    <ClInclude Include="graphics\shaders\shader.h">
      <Filter>graphics\shaders</Filter>
    </ClInclude>
    <ClInclude Include="graphics\model\vertexdata.h">
      <Filter>graphics\model</Filter>
    </ClInclude>
    <ClInclude Include="graphics\model\vertexlist.h">
      <Filter>graphics\model</Filter>
    </ClInclude>
    <ClInclude Include="graphics\model\modellibrary.h">
      <Filter>graphics\model</Filter>
    </ClInclude>
    <ClInclude Include="graphics\model\modellibrarycomponent.h">
      <Filter>graphics\model</Filter>
    </ClInclude>
    <ClInclude Include="engine\input\inputmanager.h">
      <Filter>engine\input</Filter>
    </ClInclude>
    <ClInclude Include="engine\input\inputenums.h">
      <Filter>engine\input</Filter>
    </ClInclude>
    <ClInclude Include="graphics\texture\texturelibrary.h">
      <Filter>graphics\texture</Filter>
    </ClInclude>
    <ClInclude Include="graphics\texture\texture.h">
      <Filter>graphics\texture</Filter>
    </ClInclude>
    <ClInclude Include="graphics\texture\texturelibrarycomponent.h">
      <Filter>graphics\texture</Filter>
    </ClInclude>
    <ClInclude Include="graphics\shaders\colorshader.h">
      <Filter>graphics\shaders</Filter>
    </ClInclude>
    <ClInclude Include="graphics\shaders\textureshader.h">
      <Filter>graphics\shaders</Filter>
    </ClInclude>
    <ClInclude Include="graphics\components\lightsourcecomponent.h">
      <Filter>graphics\components</Filter>
    </ClInclude>
    <ClInclude Include="graphics\lightsystem.h">
      <Filter>graphics</Filter>
    </ClInclude>
    <ClInclude Include="graphics\shaders\lightshader.h">
      <Filter>graphics\shaders</Filter>
    </ClInclude>
  </ItemGroup>
  <ItemGroup>
    <None Include="GameData.json" />
  </ItemGroup>
  <ItemGroup>
    <Natvis Include="Overkill.natvis" />
  </ItemGroup>
</Project>